
Microsoft Visual Studio Solution File, Format Version 12.00
Project("{FAE04EC0-301F-11D3-BF4B-00C04F79EFBC}") = "GeekBrainsArray", "GeekBrainsArray\GeekBrainsArray.csproj", "{B529053A-C62A-45C3-915C-0549F8E4AA9A}"
EndProject
Global
	GlobalSection(SolutionConfigurationPlatforms) = preSolution
		Debug|Any CPU = Debug|Any CPU
		Release|Any CPU = Release|Any CPU
	EndGlobalSection
	GlobalSection(ProjectConfigurationPlatforms) = postSolution
		{B529053A-C62A-45C3-915C-0549F8E4AA9A}.Debug|Any CPU.ActiveCfg = Debug|Any CPU
		{B529053A-C62A-45C3-915C-0549F8E4AA9A}.Debug|Any CPU.Build.0 = Debug|Any CPU
		{B529053A-C62A-45C3-915C-0549F8E4AA9A}.Release|Any CPU.ActiveCfg = Release|Any CPU
		{B529053A-C62A-45C3-915C-0549F8E4AA9A}.Release|Any CPU.Build.0 = Release|Any CPU
	EndGlobalSection
EndGlobal
